
Microsoft Visual Studio Solution File, Format Version 12.00
# Visual Studio Version 16
VisualStudioVersion = 16.0.31205.134
MinimumVisualStudioVersion = 10.0.40219.1
Project("{FAE04EC0-301F-11D3-BF4B-00C04F79EFBC}") = "GUIprojectMOLK_group4", "GUIprojectMOLK_group4.csproj", "{46F00A52-9D40-4FDC-9E9D-3A00894F4DCF}"
EndProject
Global
	GlobalSection(SolutionConfigurationPlatforms) = preSolution
		Debug|Any CPU = Debug|Any CPU
		Release|Any CPU = Release|Any CPU
	EndGlobalSection
	GlobalSection(ProjectConfigurationPlatforms) = postSolution
		{46F00A52-9D40-4FDC-9E9D-3A00894F4DCF}.Debug|Any CPU.ActiveCfg = Debug|Any CPU
		{46F00A52-9D40-4FDC-9E9D-3A00894F4DCF}.Debug|Any CPU.Build.0 = Debug|Any CPU
		{46F00A52-9D40-4FDC-9E9D-3A00894F4DCF}.Release|Any CPU.ActiveCfg = Release|Any CPU
		{46F00A52-9D40-4FDC-9E9D-3A00894F4DCF}.Release|Any CPU.Build.0 = Release|Any CPU
	EndGlobalSection
	GlobalSection(SolutionProperties) = preSolution
		HideSolutionNode = FALSE
	EndGlobalSection
	GlobalSection(ExtensibilityGlobals) = postSolution
		SolutionGuid = {92D4E275-D88A-4114-ABEB-04BBBFE3642A}
	EndGlobalSection
EndGlobal
